
Microsoft Visual Studio Solution File, Format Version 12.00
# Visual Studio Version 17
VisualStudioVersion = 17.5.002.0
MinimumVisualStudioVersion = 10.0.40219.1
Project("{9A19103F-16F7-4668-BE54-9A1E7A4F7556}") = "MinistryOfHealthService", "MinistryOfHealthService\MinistryOfHealthService.csproj", "{1ABBB161-1107-40C7-A456-AAE0255AA8BC}"
EndProject
Project("{9A19103F-16F7-4668-BE54-9A1E7A4F7556}") = "UserServiceApp", "UserFunctionalService\UserServiceApp\UserServiceApp.csproj", "{339167A3-EAC1-46D7-A3F1-C4BD380BE52F}"
EndProject
Project("{FAE04EC0-301F-11D3-BF4B-00C04F79EFBC}") = "Dtos", "Dto\Dtos.csproj", "{47C9A223-6107-4131-8AF5-B091A329D592}"
EndProject
Project("{2150E333-8FDC-42A3-9474-1A3956D46DE8}") = "LoginService", "LoginService", "{1FF5F42A-E3DB-43F2-8973-0208CA15F602}"
EndProject
Project("{FAE04EC0-301F-11D3-BF4B-00C04F79EFBC}") = "Login", "LoginService\Login\Login.csproj", "{494F8F1F-B0A9-4D9F-A123-B42AE9E4DCE8}"
EndProject
Project("{FAE04EC0-301F-11D3-BF4B-00C04F79EFBC}") = "PushNotificationService", "PushNotificationService\PushNotificationService.csproj", "{28D94AB3-C29C-48C0-9AB0-70C493D9EE41}"
EndProject
Project("{FAE04EC0-301F-11D3-BF4B-00C04F79EFBC}") = "APIGateway", "APIGateway\APIGateway.csproj", "{4567E96C-80FC-4E7F-AED2-6D5EDEA0131D}"
EndProject
Global
	GlobalSection(SolutionConfigurationPlatforms) = preSolution
		Debug|Any CPU = Debug|Any CPU
		Release|Any CPU = Release|Any CPU
	EndGlobalSection
	GlobalSection(ProjectConfigurationPlatforms) = postSolution
		{339167A3-EAC1-46D7-A3F1-C4BD380BE52F}.Debug|Any CPU.ActiveCfg = Debug|Any CPU
		{339167A3-EAC1-46D7-A3F1-C4BD380BE52F}.Debug|Any CPU.Build.0 = Debug|Any CPU
		{339167A3-EAC1-46D7-A3F1-C4BD380BE52F}.Release|Any CPU.ActiveCfg = Release|Any CPU
		{339167A3-EAC1-46D7-A3F1-C4BD380BE52F}.Release|Any CPU.Build.0 = Release|Any CPU
		{47C9A223-6107-4131-8AF5-B091A329D592}.Debug|Any CPU.ActiveCfg = Debug|Any CPU
		{47C9A223-6107-4131-8AF5-B091A329D592}.Debug|Any CPU.Build.0 = Debug|Any CPU
		{47C9A223-6107-4131-8AF5-B091A329D592}.Release|Any CPU.ActiveCfg = Release|Any CPU
		{47C9A223-6107-4131-8AF5-B091A329D592}.Release|Any CPU.Build.0 = Release|Any CPU
		{494F8F1F-B0A9-4D9F-A123-B42AE9E4DCE8}.Debug|Any CPU.ActiveCfg = Debug|Any CPU
		{494F8F1F-B0A9-4D9F-A123-B42AE9E4DCE8}.Debug|Any CPU.Build.0 = Debug|Any CPU
		{494F8F1F-B0A9-4D9F-A123-B42AE9E4DCE8}.Release|Any CPU.ActiveCfg = Release|Any CPU
		{494F8F1F-B0A9-4D9F-A123-B42AE9E4DCE8}.Release|Any CPU.Build.0 = Release|Any CPU
		{28D94AB3-C29C-48C0-9AB0-70C493D9EE41}.Debug|Any CPU.ActiveCfg = Debug|Any CPU
		{28D94AB3-C29C-48C0-9AB0-70C493D9EE41}.Debug|Any CPU.Build.0 = Debug|Any CPU
		{28D94AB3-C29C-48C0-9AB0-70C493D9EE41}.Release|Any CPU.ActiveCfg = Release|Any CPU
		{28D94AB3-C29C-48C0-9AB0-70C493D9EE41}.Release|Any CPU.Build.0 = Release|Any CPU
		{4567E96C-80FC-4E7F-AED2-6D5EDEA0131D}.Debug|Any CPU.ActiveCfg = Debug|Any CPU
		{4567E96C-80FC-4E7F-AED2-6D5EDEA0131D}.Debug|Any CPU.Build.0 = Debug|Any CPU
		{4567E96C-80FC-4E7F-AED2-6D5EDEA0131D}.Release|Any CPU.ActiveCfg = Release|Any CPU
		{4567E96C-80FC-4E7F-AED2-6D5EDEA0131D}.Release|Any CPU.Build.0 = Release|Any CPU
	EndGlobalSection
	GlobalSection(SolutionProperties) = preSolution
		HideSolutionNode = FALSE
	EndGlobalSection
	GlobalSection(NestedProjects) = preSolution
		{494F8F1F-B0A9-4D9F-A123-B42AE9E4DCE8} = {1FF5F42A-E3DB-43F2-8973-0208CA15F602}
	EndGlobalSection
	GlobalSection(ExtensibilityGlobals) = postSolution
		SolutionGuid = {A3600BB3-F974-4E87-A804-4AE88BBC6888}
	EndGlobalSection
EndGlobal
